# This file is autogenerated, do not edit; changes may be undone by the next 'dep ensure'.


[[projects]]
  name = "github.com/fatih/structs"
  packages = ["."]
  revision = "a720dfa8df582c51dee1b36feabb906bde1588bd"
  version = "v1.0"

[[projects]]
  name = "github.com/getsentry/raven-go"
  packages = ["."]
  revision = "3966f3ab8333308d76b6cc83a29776a266bbdd92"

[[projects]]
  branch = "master"
  name = "github.com/golang/snappy"
  packages = ["."]
  revision = "553a641470496b2327abcac10b36396bd98e45c9"

[[projects]]
  branch = "master"
  name = "github.com/hashicorp/errwrap"
  packages = ["."]
  revision = "7554cd9344cec97297fa6649b055a8c98c2a1e55"

[[projects]]
  branch = "master"
  name = "github.com/hashicorp/go-cleanhttp"
  packages = ["."]
  revision = "d5fe4b57a186c716b0e00b8c301cbd9b4182694d"

[[projects]]
  branch = "master"
  name = "github.com/hashicorp/go-multierror"
  packages = ["."]
  revision = "b7773ae218740a7be65057fc60b366a49b538a44"

[[projects]]
  branch = "master"
  name = "github.com/hashicorp/go-rootcerts"
  packages = ["."]
  revision = "6bb64b370b90e7ef1fa532be9e591a81c3493e00"

[[projects]]
  branch = "master"
  name = "github.com/hashicorp/hcl"
  packages = [
    ".",
    "hcl/ast",
    "hcl/parser",
    "hcl/scanner",
    "hcl/strconv",
    "hcl/token",
    "json/parser",
    "json/scanner",
    "json/token"
  ]
  revision = "ef8a98b0bbce4a65b5aa4c368430a80ddc533168"

[[projects]]
  name = "github.com/hashicorp/vault"
  packages = [
    "api",
    "helper/compressutil",
    "helper/jsonutil",
    "helper/parseutil",
    "helper/strutil"
  ]
  revision = "7e1fbde40afee241f81ef08700e7987d86fc7242"
  version = "v0.9.6"

[[projects]]
  name = "github.com/julienschmidt/httprouter"
  packages = ["."]
  revision = "8c199fb6259ffc1af525cc3ad52ee60ba8359669"
  version = "v1.1"

[[projects]]
  branch = "master"
  name = "github.com/mijia/sweb"
  packages = [
    "form",
    "log",
    "render",
    "server"
  ]
  revision = "169a3affd5ea43b3aaaa81744a0b86ff89e2b3f3"

[[projects]]
  branch = "master"
  name = "github.com/mitchellh/go-homedir"
  packages = ["."]
  revision = "b8bc1bf767474819792c23f32d8286a45736f1c6"

[[projects]]
  branch = "master"
  name = "github.com/mitchellh/mapstructure"
  packages = ["."]
  revision = "00c29f56e2386353d58c599509e8dc3801b0d716"

[[projects]]
  name = "github.com/oxtoacart/bpool"
  packages = ["."]
  revision = "89c3c7319abbd041bc0a83bdf10bcb8bd445287b"

[[projects]]
  name = "github.com/paulbellamy/ratecounter"
  packages = ["."]
  revision = "1f4ce68ee3b891b625b7fe6374f61c4d90c8035a"

[[projects]]
  name = "github.com/ryanuber/go-glob"
  packages = ["."]
  revision = "572520ed46dbddaed19ea3d9541bdd0494163693"
  version = "v0.1"

[[projects]]
  branch = "master"
  name = "github.com/sethgrid/pester"
  packages = ["."]
  revision = "ed9870dad3170c0b25ab9b11830cc57c3a7798fb"

[[projects]]
  name = "github.com/stretchr/graceful"
  packages = ["."]
  revision = "49b853e77ab58c31be0d3ee87db62909b90ac93e"

[[projects]]
  name = "golang.org/x/net"
  packages = [
    "context",
    "http2",
    "http2/hpack",
    "netutil"
  ]
  revision = "991d3e32f76f19ee6d9caadb3a22eae8d23315f7"

[solve-meta]
  analyzer-name = "dep"
  analyzer-version = 1
  inputs-digest = "0f3887181ed6477e84d4b4f5a1a26ad03b9796a1edc58fe4987a0304f38050f2"
  solver-name = "gps-cdcl"
  solver-version = 1
